// !$*UTF8*$!
{
	archiveVersion = 1;
	classes = {
	};
	objectVersion = 46;
	objects = {

/* Begin PBXBuildFile section */
		223F3CCD1F76561700FF0353 /* AppDelegate.swift in Sources */ = {isa = PBXBuildFile; fileRef = 223F3CCC1F76561700FF0353 /* AppDelegate.swift */; };
		223F3CCF1F76561700FF0353 /* ViewController.swift in Sources */ = {isa = PBXBuildFile; fileRef = 223F3CCE1F76561700FF0353 /* ViewController.swift */; };
		223F3CDF1F7657D600FF0353 /* Cartfile in Resources */ = {isa = PBXBuildFile; fileRef = 223F3CDE1F7657D600FF0353 /* Cartfile */; };
		223F3CE81F76594F00FF0353 /* RestKit.framework in Frameworks */ = {isa = PBXBuildFile; fileRef = 223F3CE11F76594F00FF0353 /* RestKit.framework */; };
		223F3CEE1F76594F00FF0353 /* TextToSpeechV1.framework in Frameworks */ = {isa = PBXBuildFile; fileRef = 223F3CE71F76594F00FF0353 /* TextToSpeechV1.framework */; };
		223F3CF11F76603800FF0353 /* CameraController.swift in Sources */ = {isa = PBXBuildFile; fileRef = 223F3CF01F76603800FF0353 /* CameraController.swift */; };
		22A064411F76876300B5A865 /* Assets.xcassets in Resources */ = {isa = PBXBuildFile; fileRef = 22A0643F1F76876300B5A865 /* Assets.xcassets */; };
		22A064491F7688D000B5A865 /* LaunchScreen.storyboard in Resources */ = {isa = PBXBuildFile; fileRef = 22A064471F7688D000B5A865 /* LaunchScreen.storyboard */; };
		22A0644A1F7688D000B5A865 /* Main.storyboard in Resources */ = {isa = PBXBuildFile; fileRef = 22A064481F7688D000B5A865 /* Main.storyboard */; };
		22A0644C1F76899600B5A865 /* Info.plist in Resources */ = {isa = PBXBuildFile; fileRef = 22A0644B1F76899600B5A865 /* Info.plist */; };
		22A0644E1F76B1FD00B5A865 /* VisualRecognitionV3.framework in Frameworks */ = {isa = PBXBuildFile; fileRef = 22A0644D1F76B1FD00B5A865 /* VisualRecognitionV3.framework */; };
		3E7BCCAE356671136E82F333 /* Pods_Watson_Speaks.framework in Frameworks */ = {isa = PBXBuildFile; fileRef = 33AE0D85F08A47DF723A4FF3 /* Pods_Watson_Speaks.framework */; };
		5F1477E31F77E56000197A64 /* Artboard 1.png in Resources */ = {isa = PBXBuildFile; fileRef = 5F1477E21F77E56000197A64 /* Artboard 1.png */; };
		5FB61ECC1F77EA9D0092E84C /* TextToSpeechV1.framework in Embed Frameworks */ = {isa = PBXBuildFile; fileRef = 223F3CE71F76594F00FF0353 /* TextToSpeechV1.framework */; settings = {ATTRIBUTES = (CodeSignOnCopy, RemoveHeadersOnCopy, ); }; };
/* End PBXBuildFile section */

/* Begin PBXCopyFilesBuildPhase section */
		5FB61ECD1F77EA9D0092E84C /* Embed Frameworks */ = {
			isa = PBXCopyFilesBuildPhase;
			buildActionMask = 2147483647;
			dstPath = "";
			dstSubfolderSpec = 10;
			files = (
				5FB61ECC1F77EA9D0092E84C /* TextToSpeechV1.framework in Embed Frameworks */,
			);
			name = "Embed Frameworks";
			runOnlyForDeploymentPostprocessing = 0;
		};
/* End PBXCopyFilesBuildPhase section */

/* Begin PBXFileReference section */
		223F3CC91F76561700FF0353 /* Watson Speaks.app */ = {isa = PBXFileReference; explicitFileType = wrapper.application; includeInIndex = 0; path = "Watson Speaks.app"; sourceTree = BUILT_PRODUCTS_DIR; };
		223F3CCC1F76561700FF0353 /* AppDelegate.swift */ = {isa = PBXFileReference; lastKnownFileType = sourcecode.swift; path = AppDelegate.swift; sourceTree = "<group>"; };
		223F3CCE1F76561700FF0353 /* ViewController.swift */ = {isa = PBXFileReference; lastKnownFileType = sourcecode.swift; path = ViewController.swift; sourceTree = "<group>"; };
		223F3CDE1F7657D600FF0353 /* Cartfile */ = {isa = PBXFileReference; fileEncoding = 4; lastKnownFileType = text; path = Cartfile; sourceTree = "<group>"; };
		223F3CE11F76594F00FF0353 /* RestKit.framework */ = {isa = PBXFileReference; lastKnownFileType = wrapper.framework; name = RestKit.framework; path = Carthage/Build/iOS/RestKit.framework; sourceTree = "<group>"; };
		223F3CE21F76594F00FF0353 /* RestKit.framework.dSYM */ = {isa = PBXFileReference; lastKnownFileType = wrapper.dsym; name = RestKit.framework.dSYM; path = Carthage/Build/iOS/RestKit.framework.dSYM; sourceTree = "<group>"; };
		223F3CE31F76594F00FF0353 /* RetrieveAndRankV1.framework */ = {isa = PBXFileReference; lastKnownFileType = wrapper.framework; name = RetrieveAndRankV1.framework; path = Carthage/Build/iOS/RetrieveAndRankV1.framework; sourceTree = "<group>"; };
		223F3CE41F76594F00FF0353 /* RetrieveAndRankV1.framework.dSYM */ = {isa = PBXFileReference; lastKnownFileType = wrapper.dsym; name = RetrieveAndRankV1.framework.dSYM; path = Carthage/Build/iOS/RetrieveAndRankV1.framework.dSYM; sourceTree = "<group>"; };
		223F3CE51F76594F00FF0353 /* SpeechToTextV1.framework */ = {isa = PBXFileReference; lastKnownFileType = wrapper.framework; name = SpeechToTextV1.framework; path = Carthage/Build/iOS/SpeechToTextV1.framework; sourceTree = "<group>"; };
		223F3CE61F76594F00FF0353 /* SpeechToTextV1.framework.dSYM */ = {isa = PBXFileReference; lastKnownFileType = wrapper.dsym; name = SpeechToTextV1.framework.dSYM; path = Carthage/Build/iOS/SpeechToTextV1.framework.dSYM; sourceTree = "<group>"; };
		223F3CE71F76594F00FF0353 /* TextToSpeechV1.framework */ = {isa = PBXFileReference; lastKnownFileType = wrapper.framework; name = TextToSpeechV1.framework; path = Carthage/Build/iOS/TextToSpeechV1.framework; sourceTree = "<group>"; };
		223F3CF01F76603800FF0353 /* CameraController.swift */ = {isa = PBXFileReference; fileEncoding = 4; lastKnownFileType = sourcecode.swift; path = CameraController.swift; sourceTree = "<group>"; };
		22A0643F1F76876300B5A865 /* Assets.xcassets */ = {isa = PBXFileReference; lastKnownFileType = folder.assetcatalog; name = Assets.xcassets; path = ../Assets.xcassets; sourceTree = "<group>"; };
		22A064471F7688D000B5A865 /* LaunchScreen.storyboard */ = {isa = PBXFileReference; fileEncoding = 4; lastKnownFileType = file.storyboard; path = LaunchScreen.storyboard; sourceTree = "<group>"; };
		22A064481F7688D000B5A865 /* Main.storyboard */ = {isa = PBXFileReference; fileEncoding = 4; lastKnownFileType = file.storyboard; path = Main.storyboard; sourceTree = "<group>"; };
		22A0644B1F76899600B5A865 /* Info.plist */ = {isa = PBXFileReference; fileEncoding = 4; lastKnownFileType = text.plist.xml; path = Info.plist; sourceTree = "<group>"; };
		22A0644D1F76B1FD00B5A865 /* VisualRecognitionV3.framework */ = {isa = PBXFileReference; lastKnownFileType = wrapper.framework; name = VisualRecognitionV3.framework; path = Carthage/Build/iOS/VisualRecognitionV3.framework; sourceTree = "<group>"; };
		33AE0D85F08A47DF723A4FF3 /* Pods_Watson_Speaks.framework */ = {isa = PBXFileReference; explicitFileType = wrapper.framework; includeInIndex = 0; path = Pods_Watson_Speaks.framework; sourceTree = BUILT_PRODUCTS_DIR; };
		5F1477E21F77E56000197A64 /* Artboard 1.png */ = {isa = PBXFileReference; lastKnownFileType = image.png; name = "Artboard 1.png"; path = "../../../../Pictures/Artboard 1.png"; sourceTree = "<group>"; };
		5FB61ECA1F77E8E70092E84C /* Alamofire.framework */ = {isa = PBXFileReference; explicitFileType = wrapper.framework; path = Alamofire.framework; sourceTree = BUILT_PRODUCTS_DIR; };
		8612B6DB5B9902462680E077 /* Pods-Watson Speaks.debug.xcconfig */ = {isa = PBXFileReference; includeInIndex = 1; lastKnownFileType = text.xcconfig; name = "Pods-Watson Speaks.debug.xcconfig"; path = "Pods/Target Support Files/Pods-Watson Speaks/Pods-Watson Speaks.debug.xcconfig"; sourceTree = "<group>"; };
		C883B17862C0A998A444CBE2 /* Pods-Watson Speaks.release.xcconfig */ = {isa = PBXFileReference; includeInIndex = 1; lastKnownFileType = text.xcconfig; name = "Pods-Watson Speaks.release.xcconfig"; path = "Pods/Target Support Files/Pods-Watson Speaks/Pods-Watson Speaks.release.xcconfig"; sourceTree = "<group>"; };
/* End PBXFileReference section */

/* Begin PBXFrameworksBuildPhase section */
		223F3CC61F76561700FF0353 /* Frameworks */ = {
			isa = PBXFrameworksBuildPhase;
			buildActionMask = 2147483647;
			files = (
				22A0644E1F76B1FD00B5A865 /* VisualRecognitionV3.framework in Frameworks */,
				223F3CE81F76594F00FF0353 /* RestKit.framework in Frameworks */,
				223F3CEE1F76594F00FF0353 /* TextToSpeechV1.framework in Frameworks */,
				3E7BCCAE356671136E82F333 /* Pods_Watson_Speaks.framework in Frameworks */,
			);
			runOnlyForDeploymentPostprocessing = 0;
		};
/* End PBXFrameworksBuildPhase section */

/* Begin PBXGroup section */
		223F3CC01F76561700FF0353 = {
			isa = PBXGroup;
			children = (
				223F3CDE1F7657D600FF0353 /* Cartfile */,
				223F3CCB1F76561700FF0353 /* Watson Speaks */,
				223F3CCA1F76561700FF0353 /* Products */,
				223F3CE01F76594D00FF0353 /* Frameworks */,
				27778764D4E83A46093C196A /* Pods */,
			);
			sourceTree = "<group>";
		};
		223F3CCA1F76561700FF0353 /* Products */ = {
			isa = PBXGroup;
			children = (
				223F3CC91F76561700FF0353 /* Watson Speaks.app */,
			);
			name = Products;
			sourceTree = "<group>";
		};
		223F3CCB1F76561700FF0353 /* Watson Speaks */ = {
			isa = PBXGroup;
			children = (
				5F1477E21F77E56000197A64 /* Artboard 1.png */,
				223F3CCC1F76561700FF0353 /* AppDelegate.swift */,
				22A064471F7688D000B5A865 /* LaunchScreen.storyboard */,
				22A0643F1F76876300B5A865 /* Assets.xcassets */,
				22A064481F7688D000B5A865 /* Main.storyboard */,
				223F3CCE1F76561700FF0353 /* ViewController.swift */,
				22A0644B1F76899600B5A865 /* Info.plist */,
				223F3CF01F76603800FF0353 /* CameraController.swift */,
			);
			path = "Watson Speaks";
			sourceTree = "<group>";
		};
		223F3CE01F76594D00FF0353 /* Frameworks */ = {
			isa = PBXGroup;
			children = (
				5FB61ECA1F77E8E70092E84C /* Alamofire.framework */,
				22A0644D1F76B1FD00B5A865 /* VisualRecognitionV3.framework */,
				223F3CE11F76594F00FF0353 /* RestKit.framework */,
				223F3CE21F76594F00FF0353 /* RestKit.framework.dSYM */,
				223F3CE31F76594F00FF0353 /* RetrieveAndRankV1.framework */,
				223F3CE41F76594F00FF0353 /* RetrieveAndRankV1.framework.dSYM */,
				223F3CE51F76594F00FF0353 /* SpeechToTextV1.framework */,
				223F3CE61F76594F00FF0353 /* SpeechToTextV1.framework.dSYM */,
				223F3CE71F76594F00FF0353 /* TextToSpeechV1.framework */,
				33AE0D85F08A47DF723A4FF3 /* Pods_Watson_Speaks.framework */,
			);
			name = Frameworks;
			sourceTree = "<group>";
		};
		27778764D4E83A46093C196A /* Pods */ = {
			isa = PBXGroup;
			children = (
				8612B6DB5B9902462680E077 /* Pods-Watson Speaks.debug.xcconfig */,
				C883B17862C0A998A444CBE2 /* Pods-Watson Speaks.release.xcconfig */,
			);
			name = Pods;
			sourceTree = "<group>";
		};
/* End PBXGroup section */

/* Begin PBXNativeTarget section */
		223F3CC81F76561700FF0353 /* Watson Speaks */ = {
			isa = PBXNativeTarget;
			buildConfigurationList = 223F3CDB1F76561800FF0353 /* Build configuration list for PBXNativeTarget "Watson Speaks" */;
			buildPhases = (
				07351B0942136ED4298E5135 /* [CP] Check Pods Manifest.lock */,
				223F3CC51F76561700FF0353 /* Sources */,
				223F3CC61F76561700FF0353 /* Frameworks */,
				223F3CC71F76561700FF0353 /* Resources */,
				223F3CEF1F7659A300FF0353 /* ShellScript */,
				DEDCF7A9F0D693980BBBDEB0 /* [CP] Embed Pods Frameworks */,
				91D93849E61067322787507E /* [CP] Copy Pods Resources */,
				5FB61ECD1F77EA9D0092E84C /* Embed Frameworks */,
			);
			buildRules = (
			);
			dependencies = (
			);
			name = "Watson Speaks";
			productName = "Watson Speaks";
			productReference = 223F3CC91F76561700FF0353 /* Watson Speaks.app */;
			productType = "com.apple.product-type.application";
		};
/* End PBXNativeTarget section */

/* Begin PBXProject section */
		223F3CC11F76561700FF0353 /* Project object */ = {
			isa = PBXProject;
			attributes = {
				LastSwiftUpdateCheck = 0830;
				LastUpgradeCheck = 0830;
				ORGANIZATIONNAME = HackRice2017;
				TargetAttributes = {
					223F3CC81F76561700FF0353 = {
						CreatedOnToolsVersion = 8.3.2;
						DevelopmentTeam = 6YN84UB93J;
						ProvisioningStyle = Automatic;
					};
				};
			};
			buildConfigurationList = 223F3CC41F76561700FF0353 /* Build configuration list for PBXProject "Watson Speaks" */;
			compatibilityVersion = "Xcode 3.2";
			developmentRegion = English;
			hasScannedForEncodings = 0;
			knownRegions = (
				en,
				Base,
			);
			mainGroup = 223F3CC01F76561700FF0353;
			productRefGroup = 223F3CCA1F76561700FF0353 /* Products */;
			projectDirPath = "";
			projectRoot = "";
			targets = (
				223F3CC81F76561700FF0353 /* Watson Speaks */,
			);
		};
/* End PBXProject section */

/* Begin PBXResourcesBuildPhase section */
		223F3CC71F76561700FF0353 /* Resources */ = {
			isa = PBXResourcesBuildPhase;
			buildActionMask = 2147483647;
			files = (
				223F3CDF1F7657D600FF0353 /* Cartfile in Resources */,
				22A0644A1F7688D000B5A865 /* Main.storyboard in Resources */,
				22A064491F7688D000B5A865 /* LaunchScreen.storyboard in Resources */,
				22A0644C1F76899600B5A865 /* Info.plist in Resources */,
				22A064411F76876300B5A865 /* Assets.xcassets in Resources */,
				5F1477E31F77E56000197A64 /* Artboard 1.png in Resources */,
			);
			runOnlyForDeploymentPostprocessing = 0;
		};
/* End PBXResourcesBuildPhase section */

/* Begin PBXShellScriptBuildPhase section */
		07351B0942136ED4298E5135 /* [CP] Check Pods Manifest.lock */ = {
			isa = PBXShellScriptBuildPhase;
			buildActionMask = 2147483647;
			files = (
			);
			inputPaths = (
				"${PODS_PODFILE_DIR_PATH}/Podfile.lock",
				"${PODS_ROOT}/Manifest.lock",
			);
			name = "[CP] Check Pods Manifest.lock";
			outputPaths = (
				"$(DERIVED_FILE_DIR)/Pods-Watson Speaks-checkManifestLockResult.txt",
			);
			runOnlyForDeploymentPostprocessing = 0;
			shellPath = /bin/sh;
			shellScript = "diff \"${PODS_PODFILE_DIR_PATH}/Podfile.lock\" \"${PODS_ROOT}/Manifest.lock\" > /dev/null\nif [ $? != 0 ] ; then\n    # print error to STDERR\n    echo \"error: The sandbox is not in sync with the Podfile.lock. Run 'pod install' or update your CocoaPods installation.\" >&2\n    exit 1\nfi\n# This output is used by Xcode 'outputs' to avoid re-running this script phase.\necho \"SUCCESS\" > \"${SCRIPT_OUTPUT_FILE_0}\"\n";
			showEnvVarsInLog = 0;
		};
		223F3CEF1F7659A300FF0353 /* ShellScript */ = {
			isa = PBXShellScriptBuildPhase;
			buildActionMask = 2147483647;
			files = (
			);
			inputPaths = (
				"$(SRCROOT)/Carthage/Build/iOS/TextToSpeechV1.framework",
				"$(SRCROOT)//Carthage/Build/iOS/RestKit.framework",
				"$(SRCROOT)/Carthage/Build/iOS/VisualRecognitionV3.framework",
			);
			outputPaths = (
			);
			runOnlyForDeploymentPostprocessing = 0;
			shellPath = /bin/sh;
			shellScript = "/usr/local/bin/carthage copy-frameworks";
		};
		91D93849E61067322787507E /* [CP] Copy Pods Resources */ = {
			isa = PBXShellScriptBuildPhase;
			buildActionMask = 2147483647;
			files = (
			);
			inputPaths = (
			);
			name = "[CP] Copy Pods Resources";
			outputPaths = (
			);
			runOnlyForDeploymentPostprocessing = 0;
			shellPath = /bin/sh;
			shellScript = "\"${SRCROOT}/Pods/Target Support Files/Pods-Watson Speaks/Pods-Watson Speaks-resources.sh\"\n";
			showEnvVarsInLog = 0;
		};
		DEDCF7A9F0D693980BBBDEB0 /* [CP] Embed Pods Frameworks */ = {
			isa = PBXShellScriptBuildPhase;
			buildActionMask = 2147483647;
			files = (
			);
			inputPaths = (
				"${SRCROOT}/Pods/Target Support Files/Pods-Watson Speaks/Pods-Watson Speaks-frameworks.sh",
				"${BUILT_PRODUCTS_DIR}/Alamofire/Alamofire.framework",
				"${BUILT_PRODUCTS_DIR}/Cloudinary/Cloudinary.framework",
			);
			name = "[CP] Embed Pods Frameworks";
			outputPaths = (
				"${TARGET_BUILD_DIR}/${FRAMEWORKS_FOLDER_PATH}/Alamofire.framework",
				"${TARGET_BUILD_DIR}/${FRAMEWORKS_FOLDER_PATH}/Cloudinary.framework",
			);
			runOnlyForDeploymentPostprocessing = 0;
			shellPath = /bin/sh;
			shellScript = "\"${SRCROOT}/Pods/Target Support Files/Pods-Watson Speaks/Pods-Watson Speaks-frameworks.sh\"\n";
			showEnvVarsInLog = 0;
		};
/* End PBXShellScriptBuildPhase section */

/* Begin PBXSourcesBuildPhase section */
		223F3CC51F76561700FF0353 /* Sources */ = {
			isa = PBXSourcesBuildPhase;
			buildActionMask = 2147483647;
			files = (
				223F3CF11F76603800FF0353 /* CameraController.swift in Sources */,
				223F3CCF1F76561700FF0353 /* ViewController.swift in Sources */,
				223F3CCD1F76561700FF0353 /* AppDelegate.swift in Sources */,
			);
			runOnlyForDeploymentPostprocessing = 0;
		};
/* End PBXSourcesBuildPhase section */

/* Begin XCBuildConfiguration section */
		223F3CD91F76561800FF0353 /* Debug */ = {
			isa = XCBuildConfiguration;
			buildSettings = {
				ALWAYS_SEARCH_USER_PATHS = NO;
				CLANG_ANALYZER_NONNULL = YES;
				CLANG_ANALYZER_NUMBER_OBJECT_CONVERSION = YES_AGGRESSIVE;
				CLANG_CXX_LANGUAGE_STANDARD = "gnu++0x";
				CLANG_CXX_LIBRARY = "libc++";
				CLANG_ENABLE_MODULES = YES;
				CLANG_ENABLE_OBJC_ARC = YES;
				CLANG_WARN_BOOL_CONVERSION = YES;
				CLANG_WARN_CONSTANT_CONVERSION = YES;
				CLANG_WARN_DIRECT_OBJC_ISA_USAGE = YES_ERROR;
				CLANG_WARN_DOCUMENTATION_COMMENTS = YES;
				CLANG_WARN_EMPTY_BODY = YES;
				CLANG_WARN_ENUM_CONVERSION = YES;
				CLANG_WARN_INFINITE_RECURSION = YES;
				CLANG_WARN_INT_CONVERSION = YES;
				CLANG_WARN_OBJC_ROOT_CLASS = YES_ERROR;
				CLANG_WARN_SUSPICIOUS_MOVE = YES;
				CLANG_WARN_UNREACHABLE_CODE = YES;
				CLANG_WARN__DUPLICATE_METHOD_MATCH = YES;
				"CODE_SIGN_IDENTITY[sdk=iphoneos*]" = "iPhone Developer";
				COPY_PHASE_STRIP = NO;
				DEBUG_INFORMATION_FORMAT = dwarf;
				ENABLE_STRICT_OBJC_MSGSEND = YES;
				ENABLE_TESTABILITY = YES;
				GCC_C_LANGUAGE_STANDARD = gnu99;
				GCC_DYNAMIC_NO_PIC = NO;
				GCC_NO_COMMON_BLOCKS = YES;
				GCC_OPTIMIZATION_LEVEL = 0;
				GCC_PREPROCESSOR_DEFINITIONS = (
					"DEBUG=1",
					"$(inherited)",
				);
				GCC_WARN_64_TO_32_BIT_CONVERSION = YES;
				GCC_WARN_ABOUT_RETURN_TYPE = YES_ERROR;
				GCC_WARN_UNDECLARED_SELECTOR = YES;
				GCC_WARN_UNINITIALIZED_AUTOS = YES_AGGRESSIVE;
				GCC_WARN_UNUSED_FUNCTION = YES;
				GCC_WARN_UNUSED_VARIABLE = YES;
				IPHONEOS_DEPLOYMENT_TARGET = 10.3;
				MTL_ENABLE_DEBUG_INFO = YES;
				ONLY_ACTIVE_ARCH = YES;
				SDKROOT = iphoneos;
				SWIFT_ACTIVE_COMPILATION_CONDITIONS = DEBUG;
				SWIFT_OPTIMIZATION_LEVEL = "-Onone";
				TARGETED_DEVICE_FAMILY = "1,2";
			};
			name = Debug;
		};
		223F3CDA1F76561800FF0353 /* Release */ = {
			isa = XCBuildConfiguration;
			buildSettings = {
				ALWAYS_SEARCH_USER_PATHS = NO;
				CLANG_ANALYZER_NONNULL = YES;
				CLANG_ANALYZER_NUMBER_OBJECT_CONVERSION = YES_AGGRESSIVE;
				CLANG_CXX_LANGUAGE_STANDARD = "gnu++0x";
				CLANG_CXX_LIBRARY = "libc++";
				CLANG_ENABLE_MODULES = YES;
				CLANG_ENABLE_OBJC_ARC = YES;
				CLANG_WARN_BOOL_CONVERSION = YES;
				CLANG_WARN_CONSTANT_CONVERSION = YES;
				CLANG_WARN_DIRECT_OBJC_ISA_USAGE = YES_ERROR;
				CLANG_WARN_DOCUMENTATION_COMMENTS = YES;
				CLANG_WARN_EMPTY_BODY = YES;
				CLANG_WARN_ENUM_CONVERSION = YES;
				CLANG_WARN_INFINITE_RECURSION = YES;
				CLANG_WARN_INT_CONVERSION = YES;
				CLANG_WARN_OBJC_ROOT_CLASS = YES_ERROR;
				CLANG_WARN_SUSPICIOUS_MOVE = YES;
				CLANG_WARN_UNREACHABLE_CODE = YES;
				CLANG_WARN__DUPLICATE_METHOD_MATCH = YES;
				"CODE_SIGN_IDENTITY[sdk=iphoneos*]" = "iPhone Developer";
				COPY_PHASE_STRIP = NO;
				DEBUG_INFORMATION_FORMAT = "dwarf-with-dsym";
				ENABLE_NS_ASSERTIONS = NO;
				ENABLE_STRICT_OBJC_MSGSEND = YES;
				GCC_C_LANGUAGE_STANDARD = gnu99;
				GCC_NO_COMMON_BLOCKS = YES;
				GCC_WARN_64_TO_32_BIT_CONVERSION = YES;
				GCC_WARN_ABOUT_RETURN_TYPE = YES_ERROR;
				GCC_WARN_UNDECLARED_SELECTOR = YES;
				GCC_WARN_UNINITIALIZED_AUTOS = YES_AGGRESSIVE;
				GCC_WARN_UNUSED_FUNCTION = YES;
				GCC_WARN_UNUSED_VARIABLE = YES;
				IPHONEOS_DEPLOYMENT_TARGET = 10.3;
				MTL_ENABLE_DEBUG_INFO = NO;
				SDKROOT = iphoneos;
				SWIFT_OPTIMIZATION_LEVEL = "-Owholemodule";
				TARGETED_DEVICE_FAMILY = "1,2";
				VALIDATE_PRODUCT = YES;
			};
			name = Release;
		};
		223F3CDC1F76561800FF0353 /* Debug */ = {
			isa = XCBuildConfiguration;
			baseConfigurationReference = 8612B6DB5B9902462680E077 /* Pods-Watson Speaks.debug.xcconfig */;
			buildSettings = {
				ASSETCATALOG_COMPILER_APPICON_NAME = AppIcon;
				DEVELOPMENT_TEAM = 6YN84UB93J;
				FRAMEWORK_SEARCH_PATHS = (
					"$(SRCROOT)/**",
					"$(PROJECT_DIR)/Carthage/Build/iOS/**",
					./Cloudinary/Cloudinary/Frameworks/CLDCrypto/,
					"$(inherited)",
				);
				INFOPLIST_FILE = "Watson Speaks/Info.plist";
				LD_RUNPATH_SEARCH_PATHS = "$(inherited) @executable_path/Frameworks";
				PRODUCT_BUNDLE_IDENTIFIER = "HackRice2017-Nat.Watson-Speaks";
				PRODUCT_NAME = "$(TARGET_NAME)";
				SWIFT_VERSION = 3.0;
			};
			name = Debug;
		};
		223F3CDD1F76561800FF0353 /* Release */ = {
			isa = XCBuildConfiguration;
			baseConfigurationReference = C883B17862C0A998A444CBE2 /* Pods-Watson Speaks.release.xcconfig */;
			buildSettings = {
				ASSETCATALOG_COMPILER_APPICON_NAME = AppIcon;
				DEVELOPMENT_TEAM = 6YN84UB93J;
				FRAMEWORK_SEARCH_PATHS = (
					"$(SRCROOT)/**",
					"$(PROJECT_DIR)/Carthage/Build/iOS/**",
					./Cloudinary/Cloudinary/Frameworks/CLDCrypto/,
					"$(inherited)",
				);
				INFOPLIST_FILE = "Watson Speaks/Info.plist";
				LD_RUNPATH_SEARCH_PATHS = "$(inherited) @executable_path/Frameworks";
				PRODUCT_BUNDLE_IDENTIFIER = "HackRice2017-Nat.Watson-Speaks";
				PRODUCT_NAME = "$(TARGET_NAME)";
				SWIFT_VERSION = 3.0;
			};
			name = Release;
		};
/* End XCBuildConfiguration section */

/* Begin XCConfigurationList section */
		223F3CC41F76561700FF0353 /* Build configuration list for PBXProject "Watson Speaks" */ = {
			isa = XCConfigurationList;
			buildConfigurations = (
				223F3CD91F76561800FF0353 /* Debug */,
				223F3CDA1F76561800FF0353 /* Release */,
			);
			defaultConfigurationIsVisible = 0;
			defaultConfigurationName = Release;
		};
		223F3CDB1F76561800FF0353 /* Build configuration list for PBXNativeTarget "Watson Speaks" */ = {
			isa = XCConfigurationList;
			buildConfigurations = (
				223F3CDC1F76561800FF0353 /* Debug */,
				223F3CDD1F76561800FF0353 /* Release */,
			);
			defaultConfigurationIsVisible = 0;
			defaultConfigurationName = Release;
		};
/* End XCConfigurationList section */
	};
	rootObject = 223F3CC11F76561700FF0353 /* Project object */;
}
